
Microsoft Visual Studio Solution File, Format Version 12.00
# Visual Studio Version 16
VisualStudioVersion = 16.0.30413.136
MinimumVisualStudioVersion = 15.0.26124.0
Project("{2150E333-8FDC-42A3-9474-1A3956D46DE8}") = "Core", "Core", "{21DAF369-137A-41F5-9BC6-C3EBE6F0D33F}"
EndProject
Project("{2150E333-8FDC-42A3-9474-1A3956D46DE8}") = "App", "App", "{A1FDA2A7-AE50-4068-BE7B-378E30922FB7}"
EndProject
Project("{2150E333-8FDC-42A3-9474-1A3956D46DE8}") = "Infrastructure", "Infrastructure", "{1EEF15C5-45B8-47FF-89E3-7C91E55F97BC}"
EndProject
Project("{2150E333-8FDC-42A3-9474-1A3956D46DE8}") = "Test", "Test", "{F098E152-C2E2-4325-AAB0-CF30EC79918C}"
EndProject
Project("{9A19103F-16F7-4668-BE54-9A1E7A4F7556}") = "Interactor.Core", "src\Interactor.Core\Interactor.Core.csproj", "{3757D286-5B87-4D79-96E5-D7C91994E615}"
EndProject
Project("{2150E333-8FDC-42A3-9474-1A3956D46DE8}") = "API", "API", "{1F94E2FD-802C-4C9F-8318-8FE86D4675C3}"
EndProject
Project("{2150E333-8FDC-42A3-9474-1A3956D46DE8}") = "UI", "UI", "{501CE180-0C94-4AD2-B885-0454FB2AF238}"
EndProject
Project("{9A19103F-16F7-4668-BE54-9A1E7A4F7556}") = "Interactor.API", "src\Interactor.API\Interactor.API.csproj", "{56F8D7C0-19A9-412E-86DA-AB07706E250C}"
EndProject
Project("{9A19103F-16F7-4668-BE54-9A1E7A4F7556}") = "Interactor.Console.UI", "src\Interactor.Console.UI\Interactor.Console.UI.csproj", "{02905D68-2C75-4C1A-8EA3-166855BA93BA}"
EndProject
Project("{9A19103F-16F7-4668-BE54-9A1E7A4F7556}") = "Interactor.Web.UI", "src\Interactor.Web.UI\Interactor.Web.UI.csproj", "{121CCCBE-04EF-458C-93A6-F337098AA7B5}"
EndProject
Project("{9A19103F-16F7-4668-BE54-9A1E7A4F7556}") = "Interactor.Desktop.UI", "src\Interactor.Desktop.UI\Interactor.Desktop.UI.csproj", "{DE674D8C-5979-43DF-800A-2342653F82AF}"
EndProject
Project("{9A19103F-16F7-4668-BE54-9A1E7A4F7556}") = "App.UnitTests", "src\App.UnitTests\App.UnitTests.csproj", "{A2B372A2-CF39-4681-9519-8AFE78553370}"
EndProject
Project("{9A19103F-16F7-4668-BE54-9A1E7A4F7556}") = "Core.UnitTests", "src\Core.UnitTests\Core.UnitTests.csproj", "{01D40C7A-1066-411F-B9BD-13AB63C5EEF7}"
EndProject
Project("{2150E333-8FDC-42A3-9474-1A3956D46DE8}") = "Infrastructure", "Infrastructure", "{19A64E91-C62D-453A-A11F-7D4F3C51AA61}"
EndProject
Project("{9A19103F-16F7-4668-BE54-9A1E7A4F7556}") = "Persistence.IntegrationTests", "src\Persistence.IntegrationTests\Persistence.IntegrationTests.csproj", "{D612DFA0-5B16-41A9-98B5-4CB162405189}"
EndProject
Project("{2150E333-8FDC-42A3-9474-1A3956D46DE8}") = "UI", "UI", "{1877BB66-CCB0-4377-9319-FABF417B1A95}"
EndProject
Project("{2150E333-8FDC-42A3-9474-1A3956D46DE8}") = "API", "API", "{E5100FAF-75ED-4E2A-9E59-DD09D57F925F}"
EndProject
Project("{9A19103F-16F7-4668-BE54-9A1E7A4F7556}") = "Web.UI.IntegrationTests", "src\Web.UI.IntegrationTests\Web.UI.IntegrationTests.csproj", "{18C2FD62-97C8-4EC0-93E2-5B86461A37FB}"
EndProject
Project("{9A19103F-16F7-4668-BE54-9A1E7A4F7556}") = "API.IntegrationTests", "src\API.IntegrationTests\API.IntegrationTests.csproj", "{FEA092CB-3D01-4A47-B38E-86C57B585EBF}"
EndProject
Project("{9A19103F-16F7-4668-BE54-9A1E7A4F7556}") = "Desktop.IntegrationTests", "src\Desktop.IntegrationTests\Desktop.IntegrationTests.csproj", "{595BF622-8864-4000-9C95-FCB2A3DC9E2E}"
EndProject
Project("{9A19103F-16F7-4668-BE54-9A1E7A4F7556}") = "Interactor.App", "src\Interactor.App\Interactor.App.csproj", "{C70B2163-4D26-4483-B3C5-BFC5BF600586}"
EndProject
Project("{9A19103F-16F7-4668-BE54-9A1E7A4F7556}") = "Interactor.Persistence", "src\Interactor.Persistence\Interactor.Persistence.csproj", "{F4B57F03-6966-43F1-92B3-FCF2E55244CE}"
EndProject
Project("{9A19103F-16F7-4668-BE54-9A1E7A4F7556}") = "Interactor.ExternalService", "src\Interactor.ExternalService\Interactor.ExternalService.csproj", "{EA814F42-2DBB-4219-9385-5D2253AAA78D}"
EndProject
Project("{FAE04EC0-301F-11D3-BF4B-00C04F79EFBC}") = "Interactor.SearchService.Solr", "src\Interactor.SearchService.Solr\Interactor.SearchService.Solr.csproj", "{A7CB95B6-50B7-4F30-A944-19FA5F879E26}"
EndProject
Global
	GlobalSection(SolutionConfigurationPlatforms) = preSolution
		Debug|Any CPU = Debug|Any CPU
		Debug|x64 = Debug|x64
		Debug|x86 = Debug|x86
		Release|Any CPU = Release|Any CPU
		Release|x64 = Release|x64
		Release|x86 = Release|x86
	EndGlobalSection
	GlobalSection(ProjectConfigurationPlatforms) = postSolution
		{3757D286-5B87-4D79-96E5-D7C91994E615}.Debug|Any CPU.ActiveCfg = Debug|Any CPU
		{3757D286-5B87-4D79-96E5-D7C91994E615}.Debug|Any CPU.Build.0 = Debug|Any CPU
		{3757D286-5B87-4D79-96E5-D7C91994E615}.Debug|x64.ActiveCfg = Debug|Any CPU
		{3757D286-5B87-4D79-96E5-D7C91994E615}.Debug|x64.Build.0 = Debug|Any CPU
		{3757D286-5B87-4D79-96E5-D7C91994E615}.Debug|x86.ActiveCfg = Debug|Any CPU
		{3757D286-5B87-4D79-96E5-D7C91994E615}.Debug|x86.Build.0 = Debug|Any CPU
		{3757D286-5B87-4D79-96E5-D7C91994E615}.Release|Any CPU.ActiveCfg = Release|Any CPU
		{3757D286-5B87-4D79-96E5-D7C91994E615}.Release|Any CPU.Build.0 = Release|Any CPU
		{3757D286-5B87-4D79-96E5-D7C91994E615}.Release|x64.ActiveCfg = Release|Any CPU
		{3757D286-5B87-4D79-96E5-D7C91994E615}.Release|x64.Build.0 = Release|Any CPU
		{3757D286-5B87-4D79-96E5-D7C91994E615}.Release|x86.ActiveCfg = Release|Any CPU
		{3757D286-5B87-4D79-96E5-D7C91994E615}.Release|x86.Build.0 = Release|Any CPU
		{56F8D7C0-19A9-412E-86DA-AB07706E250C}.Debug|Any CPU.ActiveCfg = Debug|Any CPU
		{56F8D7C0-19A9-412E-86DA-AB07706E250C}.Debug|Any CPU.Build.0 = Debug|Any CPU
		{56F8D7C0-19A9-412E-86DA-AB07706E250C}.Debug|x64.ActiveCfg = Debug|Any CPU
		{56F8D7C0-19A9-412E-86DA-AB07706E250C}.Debug|x64.Build.0 = Debug|Any CPU
		{56F8D7C0-19A9-412E-86DA-AB07706E250C}.Debug|x86.ActiveCfg = Debug|Any CPU
		{56F8D7C0-19A9-412E-86DA-AB07706E250C}.Debug|x86.Build.0 = Debug|Any CPU
		{56F8D7C0-19A9-412E-86DA-AB07706E250C}.Release|Any CPU.ActiveCfg = Release|Any CPU
		{56F8D7C0-19A9-412E-86DA-AB07706E250C}.Release|Any CPU.Build.0 = Release|Any CPU
		{56F8D7C0-19A9-412E-86DA-AB07706E250C}.Release|x64.ActiveCfg = Release|Any CPU
		{56F8D7C0-19A9-412E-86DA-AB07706E250C}.Release|x64.Build.0 = Release|Any CPU
		{56F8D7C0-19A9-412E-86DA-AB07706E250C}.Release|x86.ActiveCfg = Release|Any CPU
		{56F8D7C0-19A9-412E-86DA-AB07706E250C}.Release|x86.Build.0 = Release|Any CPU
		{02905D68-2C75-4C1A-8EA3-166855BA93BA}.Debug|Any CPU.ActiveCfg = Debug|Any CPU
		{02905D68-2C75-4C1A-8EA3-166855BA93BA}.Debug|Any CPU.Build.0 = Debug|Any CPU
		{02905D68-2C75-4C1A-8EA3-166855BA93BA}.Debug|x64.ActiveCfg = Debug|Any CPU
		{02905D68-2C75-4C1A-8EA3-166855BA93BA}.Debug|x64.Build.0 = Debug|Any CPU
		{02905D68-2C75-4C1A-8EA3-166855BA93BA}.Debug|x86.ActiveCfg = Debug|Any CPU
		{02905D68-2C75-4C1A-8EA3-166855BA93BA}.Debug|x86.Build.0 = Debug|Any CPU
		{02905D68-2C75-4C1A-8EA3-166855BA93BA}.Release|Any CPU.ActiveCfg = Release|Any CPU
		{02905D68-2C75-4C1A-8EA3-166855BA93BA}.Release|Any CPU.Build.0 = Release|Any CPU
		{02905D68-2C75-4C1A-8EA3-166855BA93BA}.Release|x64.ActiveCfg = Release|Any CPU
		{02905D68-2C75-4C1A-8EA3-166855BA93BA}.Release|x64.Build.0 = Release|Any CPU
		{02905D68-2C75-4C1A-8EA3-166855BA93BA}.Release|x86.ActiveCfg = Release|Any CPU
		{02905D68-2C75-4C1A-8EA3-166855BA93BA}.Release|x86.Build.0 = Release|Any CPU
		{121CCCBE-04EF-458C-93A6-F337098AA7B5}.Debug|Any CPU.ActiveCfg = Debug|Any CPU
		{121CCCBE-04EF-458C-93A6-F337098AA7B5}.Debug|Any CPU.Build.0 = Debug|Any CPU
		{121CCCBE-04EF-458C-93A6-F337098AA7B5}.Debug|x64.ActiveCfg = Debug|Any CPU
		{121CCCBE-04EF-458C-93A6-F337098AA7B5}.Debug|x64.Build.0 = Debug|Any CPU
		{121CCCBE-04EF-458C-93A6-F337098AA7B5}.Debug|x86.ActiveCfg = Debug|Any CPU
		{121CCCBE-04EF-458C-93A6-F337098AA7B5}.Debug|x86.Build.0 = Debug|Any CPU
		{121CCCBE-04EF-458C-93A6-F337098AA7B5}.Release|Any CPU.ActiveCfg = Release|Any CPU
		{121CCCBE-04EF-458C-93A6-F337098AA7B5}.Release|Any CPU.Build.0 = Release|Any CPU
		{121CCCBE-04EF-458C-93A6-F337098AA7B5}.Release|x64.ActiveCfg = Release|Any CPU
		{121CCCBE-04EF-458C-93A6-F337098AA7B5}.Release|x64.Build.0 = Release|Any CPU
		{121CCCBE-04EF-458C-93A6-F337098AA7B5}.Release|x86.ActiveCfg = Release|Any CPU
		{121CCCBE-04EF-458C-93A6-F337098AA7B5}.Release|x86.Build.0 = Release|Any CPU
		{DE674D8C-5979-43DF-800A-2342653F82AF}.Debug|Any CPU.ActiveCfg = Debug|Any CPU
		{DE674D8C-5979-43DF-800A-2342653F82AF}.Debug|Any CPU.Build.0 = Debug|Any CPU
		{DE674D8C-5979-43DF-800A-2342653F82AF}.Debug|x64.ActiveCfg = Debug|Any CPU
		{DE674D8C-5979-43DF-800A-2342653F82AF}.Debug|x64.Build.0 = Debug|Any CPU
		{DE674D8C-5979-43DF-800A-2342653F82AF}.Debug|x86.ActiveCfg = Debug|Any CPU
		{DE674D8C-5979-43DF-800A-2342653F82AF}.Debug|x86.Build.0 = Debug|Any CPU
		{DE674D8C-5979-43DF-800A-2342653F82AF}.Release|Any CPU.ActiveCfg = Release|Any CPU
		{DE674D8C-5979-43DF-800A-2342653F82AF}.Release|Any CPU.Build.0 = Release|Any CPU
		{DE674D8C-5979-43DF-800A-2342653F82AF}.Release|x64.ActiveCfg = Release|Any CPU
		{DE674D8C-5979-43DF-800A-2342653F82AF}.Release|x64.Build.0 = Release|Any CPU
		{DE674D8C-5979-43DF-800A-2342653F82AF}.Release|x86.ActiveCfg = Release|Any CPU
		{DE674D8C-5979-43DF-800A-2342653F82AF}.Release|x86.Build.0 = Release|Any CPU
		{A2B372A2-CF39-4681-9519-8AFE78553370}.Debug|Any CPU.ActiveCfg = Debug|Any CPU
		{A2B372A2-CF39-4681-9519-8AFE78553370}.Debug|Any CPU.Build.0 = Debug|Any CPU
		{A2B372A2-CF39-4681-9519-8AFE78553370}.Debug|x64.ActiveCfg = Debug|Any CPU
		{A2B372A2-CF39-4681-9519-8AFE78553370}.Debug|x64.Build.0 = Debug|Any CPU
		{A2B372A2-CF39-4681-9519-8AFE78553370}.Debug|x86.ActiveCfg = Debug|Any CPU
		{A2B372A2-CF39-4681-9519-8AFE78553370}.Debug|x86.Build.0 = Debug|Any CPU
		{A2B372A2-CF39-4681-9519-8AFE78553370}.Release|Any CPU.ActiveCfg = Release|Any CPU
		{A2B372A2-CF39-4681-9519-8AFE78553370}.Release|Any CPU.Build.0 = Release|Any CPU
		{A2B372A2-CF39-4681-9519-8AFE78553370}.Release|x64.ActiveCfg = Release|Any CPU
		{A2B372A2-CF39-4681-9519-8AFE78553370}.Release|x64.Build.0 = Release|Any CPU
		{A2B372A2-CF39-4681-9519-8AFE78553370}.Release|x86.ActiveCfg = Release|Any CPU
		{A2B372A2-CF39-4681-9519-8AFE78553370}.Release|x86.Build.0 = Release|Any CPU
		{01D40C7A-1066-411F-B9BD-13AB63C5EEF7}.Debug|Any CPU.ActiveCfg = Debug|Any CPU
		{01D40C7A-1066-411F-B9BD-13AB63C5EEF7}.Debug|Any CPU.Build.0 = Debug|Any CPU
		{01D40C7A-1066-411F-B9BD-13AB63C5EEF7}.Debug|x64.ActiveCfg = Debug|Any CPU
		{01D40C7A-1066-411F-B9BD-13AB63C5EEF7}.Debug|x64.Build.0 = Debug|Any CPU
		{01D40C7A-1066-411F-B9BD-13AB63C5EEF7}.Debug|x86.ActiveCfg = Debug|Any CPU
		{01D40C7A-1066-411F-B9BD-13AB63C5EEF7}.Debug|x86.Build.0 = Debug|Any CPU
		{01D40C7A-1066-411F-B9BD-13AB63C5EEF7}.Release|Any CPU.ActiveCfg = Release|Any CPU
		{01D40C7A-1066-411F-B9BD-13AB63C5EEF7}.Release|Any CPU.Build.0 = Release|Any CPU
		{01D40C7A-1066-411F-B9BD-13AB63C5EEF7}.Release|x64.ActiveCfg = Release|Any CPU
		{01D40C7A-1066-411F-B9BD-13AB63C5EEF7}.Release|x64.Build.0 = Release|Any CPU
		{01D40C7A-1066-411F-B9BD-13AB63C5EEF7}.Release|x86.ActiveCfg = Release|Any CPU
		{01D40C7A-1066-411F-B9BD-13AB63C5EEF7}.Release|x86.Build.0 = Release|Any CPU
		{D612DFA0-5B16-41A9-98B5-4CB162405189}.Debug|Any CPU.ActiveCfg = Debug|Any CPU
		{D612DFA0-5B16-41A9-98B5-4CB162405189}.Debug|Any CPU.Build.0 = Debug|Any CPU
		{D612DFA0-5B16-41A9-98B5-4CB162405189}.Debug|x64.ActiveCfg = Debug|Any CPU
		{D612DFA0-5B16-41A9-98B5-4CB162405189}.Debug|x64.Build.0 = Debug|Any CPU
		{D612DFA0-5B16-41A9-98B5-4CB162405189}.Debug|x86.ActiveCfg = Debug|Any CPU
		{D612DFA0-5B16-41A9-98B5-4CB162405189}.Debug|x86.Build.0 = Debug|Any CPU
		{D612DFA0-5B16-41A9-98B5-4CB162405189}.Release|Any CPU.ActiveCfg = Release|Any CPU
		{D612DFA0-5B16-41A9-98B5-4CB162405189}.Release|Any CPU.Build.0 = Release|Any CPU
		{D612DFA0-5B16-41A9-98B5-4CB162405189}.Release|x64.ActiveCfg = Release|Any CPU
		{D612DFA0-5B16-41A9-98B5-4CB162405189}.Release|x64.Build.0 = Release|Any CPU
		{D612DFA0-5B16-41A9-98B5-4CB162405189}.Release|x86.ActiveCfg = Release|Any CPU
		{D612DFA0-5B16-41A9-98B5-4CB162405189}.Release|x86.Build.0 = Release|Any CPU
		{18C2FD62-97C8-4EC0-93E2-5B86461A37FB}.Debug|Any CPU.ActiveCfg = Debug|Any CPU
		{18C2FD62-97C8-4EC0-93E2-5B86461A37FB}.Debug|Any CPU.Build.0 = Debug|Any CPU
		{18C2FD62-97C8-4EC0-93E2-5B86461A37FB}.Debug|x64.ActiveCfg = Debug|Any CPU
		{18C2FD62-97C8-4EC0-93E2-5B86461A37FB}.Debug|x64.Build.0 = Debug|Any CPU
		{18C2FD62-97C8-4EC0-93E2-5B86461A37FB}.Debug|x86.ActiveCfg = Debug|Any CPU
		{18C2FD62-97C8-4EC0-93E2-5B86461A37FB}.Debug|x86.Build.0 = Debug|Any CPU
		{18C2FD62-97C8-4EC0-93E2-5B86461A37FB}.Release|Any CPU.ActiveCfg = Release|Any CPU
		{18C2FD62-97C8-4EC0-93E2-5B86461A37FB}.Release|Any CPU.Build.0 = Release|Any CPU
		{18C2FD62-97C8-4EC0-93E2-5B86461A37FB}.Release|x64.ActiveCfg = Release|Any CPU
		{18C2FD62-97C8-4EC0-93E2-5B86461A37FB}.Release|x64.Build.0 = Release|Any CPU
		{18C2FD62-97C8-4EC0-93E2-5B86461A37FB}.Release|x86.ActiveCfg = Release|Any CPU
		{18C2FD62-97C8-4EC0-93E2-5B86461A37FB}.Release|x86.Build.0 = Release|Any CPU
		{FEA092CB-3D01-4A47-B38E-86C57B585EBF}.Debug|Any CPU.ActiveCfg = Debug|Any CPU
		{FEA092CB-3D01-4A47-B38E-86C57B585EBF}.Debug|Any CPU.Build.0 = Debug|Any CPU
		{FEA092CB-3D01-4A47-B38E-86C57B585EBF}.Debug|x64.ActiveCfg = Debug|Any CPU
		{FEA092CB-3D01-4A47-B38E-86C57B585EBF}.Debug|x64.Build.0 = Debug|Any CPU
		{FEA092CB-3D01-4A47-B38E-86C57B585EBF}.Debug|x86.ActiveCfg = Debug|Any CPU
		{FEA092CB-3D01-4A47-B38E-86C57B585EBF}.Debug|x86.Build.0 = Debug|Any CPU
		{FEA092CB-3D01-4A47-B38E-86C57B585EBF}.Release|Any CPU.ActiveCfg = Release|Any CPU
		{FEA092CB-3D01-4A47-B38E-86C57B585EBF}.Release|Any CPU.Build.0 = Release|Any CPU
		{FEA092CB-3D01-4A47-B38E-86C57B585EBF}.Release|x64.ActiveCfg = Release|Any CPU
		{FEA092CB-3D01-4A47-B38E-86C57B585EBF}.Release|x64.Build.0 = Release|Any CPU
		{FEA092CB-3D01-4A47-B38E-86C57B585EBF}.Release|x86.ActiveCfg = Release|Any CPU
		{FEA092CB-3D01-4A47-B38E-86C57B585EBF}.Release|x86.Build.0 = Release|Any CPU
		{595BF622-8864-4000-9C95-FCB2A3DC9E2E}.Debug|Any CPU.ActiveCfg = Debug|Any CPU
		{595BF622-8864-4000-9C95-FCB2A3DC9E2E}.Debug|Any CPU.Build.0 = Debug|Any CPU
		{595BF622-8864-4000-9C95-FCB2A3DC9E2E}.Debug|x64.ActiveCfg = Debug|Any CPU
		{595BF622-8864-4000-9C95-FCB2A3DC9E2E}.Debug|x64.Build.0 = Debug|Any CPU
		{595BF622-8864-4000-9C95-FCB2A3DC9E2E}.Debug|x86.ActiveCfg = Debug|Any CPU
		{595BF622-8864-4000-9C95-FCB2A3DC9E2E}.Debug|x86.Build.0 = Debug|Any CPU
		{595BF622-8864-4000-9C95-FCB2A3DC9E2E}.Release|Any CPU.ActiveCfg = Release|Any CPU
		{595BF622-8864-4000-9C95-FCB2A3DC9E2E}.Release|Any CPU.Build.0 = Release|Any CPU
		{595BF622-8864-4000-9C95-FCB2A3DC9E2E}.Release|x64.ActiveCfg = Release|Any CPU
		{595BF622-8864-4000-9C95-FCB2A3DC9E2E}.Release|x64.Build.0 = Release|Any CPU
		{595BF622-8864-4000-9C95-FCB2A3DC9E2E}.Release|x86.ActiveCfg = Release|Any CPU
		{595BF622-8864-4000-9C95-FCB2A3DC9E2E}.Release|x86.Build.0 = Release|Any CPU
		{C70B2163-4D26-4483-B3C5-BFC5BF600586}.Debug|Any CPU.ActiveCfg = Debug|Any CPU
		{C70B2163-4D26-4483-B3C5-BFC5BF600586}.Debug|Any CPU.Build.0 = Debug|Any CPU
		{C70B2163-4D26-4483-B3C5-BFC5BF600586}.Debug|x64.ActiveCfg = Debug|Any CPU
		{C70B2163-4D26-4483-B3C5-BFC5BF600586}.Debug|x64.Build.0 = Debug|Any CPU
		{C70B2163-4D26-4483-B3C5-BFC5BF600586}.Debug|x86.ActiveCfg = Debug|Any CPU
		{C70B2163-4D26-4483-B3C5-BFC5BF600586}.Debug|x86.Build.0 = Debug|Any CPU
		{C70B2163-4D26-4483-B3C5-BFC5BF600586}.Release|Any CPU.ActiveCfg = Release|Any CPU
		{C70B2163-4D26-4483-B3C5-BFC5BF600586}.Release|Any CPU.Build.0 = Release|Any CPU
		{C70B2163-4D26-4483-B3C5-BFC5BF600586}.Release|x64.ActiveCfg = Release|Any CPU
		{C70B2163-4D26-4483-B3C5-BFC5BF600586}.Release|x64.Build.0 = Release|Any CPU
		{C70B2163-4D26-4483-B3C5-BFC5BF600586}.Release|x86.ActiveCfg = Release|Any CPU
		{C70B2163-4D26-4483-B3C5-BFC5BF600586}.Release|x86.Build.0 = Release|Any CPU
		{F4B57F03-6966-43F1-92B3-FCF2E55244CE}.Debug|Any CPU.ActiveCfg = Debug|Any CPU
		{F4B57F03-6966-43F1-92B3-FCF2E55244CE}.Debug|Any CPU.Build.0 = Debug|Any CPU
		{F4B57F03-6966-43F1-92B3-FCF2E55244CE}.Debug|x64.ActiveCfg = Debug|Any CPU
		{F4B57F03-6966-43F1-92B3-FCF2E55244CE}.Debug|x64.Build.0 = Debug|Any CPU
		{F4B57F03-6966-43F1-92B3-FCF2E55244CE}.Debug|x86.ActiveCfg = Debug|Any CPU
		{F4B57F03-6966-43F1-92B3-FCF2E55244CE}.Debug|x86.Build.0 = Debug|Any CPU
		{F4B57F03-6966-43F1-92B3-FCF2E55244CE}.Release|Any CPU.ActiveCfg = Release|Any CPU
		{F4B57F03-6966-43F1-92B3-FCF2E55244CE}.Release|Any CPU.Build.0 = Release|Any CPU
		{F4B57F03-6966-43F1-92B3-FCF2E55244CE}.Release|x64.ActiveCfg = Release|Any CPU
		{F4B57F03-6966-43F1-92B3-FCF2E55244CE}.Release|x64.Build.0 = Release|Any CPU
		{F4B57F03-6966-43F1-92B3-FCF2E55244CE}.Release|x86.ActiveCfg = Release|Any CPU
		{F4B57F03-6966-43F1-92B3-FCF2E55244CE}.Release|x86.Build.0 = Release|Any CPU
		{EA814F42-2DBB-4219-9385-5D2253AAA78D}.Debug|Any CPU.ActiveCfg = Debug|Any CPU
		{EA814F42-2DBB-4219-9385-5D2253AAA78D}.Debug|Any CPU.Build.0 = Debug|Any CPU
		{EA814F42-2DBB-4219-9385-5D2253AAA78D}.Debug|x64.ActiveCfg = Debug|Any CPU
		{EA814F42-2DBB-4219-9385-5D2253AAA78D}.Debug|x64.Build.0 = Debug|Any CPU
		{EA814F42-2DBB-4219-9385-5D2253AAA78D}.Debug|x86.ActiveCfg = Debug|Any CPU
		{EA814F42-2DBB-4219-9385-5D2253AAA78D}.Debug|x86.Build.0 = Debug|Any CPU
		{EA814F42-2DBB-4219-9385-5D2253AAA78D}.Release|Any CPU.ActiveCfg = Release|Any CPU
		{EA814F42-2DBB-4219-9385-5D2253AAA78D}.Release|Any CPU.Build.0 = Release|Any CPU
		{EA814F42-2DBB-4219-9385-5D2253AAA78D}.Release|x64.ActiveCfg = Release|Any CPU
		{EA814F42-2DBB-4219-9385-5D2253AAA78D}.Release|x64.Build.0 = Release|Any CPU
		{EA814F42-2DBB-4219-9385-5D2253AAA78D}.Release|x86.ActiveCfg = Release|Any CPU
		{EA814F42-2DBB-4219-9385-5D2253AAA78D}.Release|x86.Build.0 = Release|Any CPU
		{A7CB95B6-50B7-4F30-A944-19FA5F879E26}.Debug|Any CPU.ActiveCfg = Debug|Any CPU
		{A7CB95B6-50B7-4F30-A944-19FA5F879E26}.Debug|Any CPU.Build.0 = Debug|Any CPU
		{A7CB95B6-50B7-4F30-A944-19FA5F879E26}.Debug|x64.ActiveCfg = Debug|Any CPU
		{A7CB95B6-50B7-4F30-A944-19FA5F879E26}.Debug|x64.Build.0 = Debug|Any CPU
		{A7CB95B6-50B7-4F30-A944-19FA5F879E26}.Debug|x86.ActiveCfg = Debug|Any CPU
		{A7CB95B6-50B7-4F30-A944-19FA5F879E26}.Debug|x86.Build.0 = Debug|Any CPU
		{A7CB95B6-50B7-4F30-A944-19FA5F879E26}.Release|Any CPU.ActiveCfg = Release|Any CPU
		{A7CB95B6-50B7-4F30-A944-19FA5F879E26}.Release|Any CPU.Build.0 = Release|Any CPU
		{A7CB95B6-50B7-4F30-A944-19FA5F879E26}.Release|x64.ActiveCfg = Release|Any CPU
		{A7CB95B6-50B7-4F30-A944-19FA5F879E26}.Release|x64.Build.0 = Release|Any CPU
		{A7CB95B6-50B7-4F30-A944-19FA5F879E26}.Release|x86.ActiveCfg = Release|Any CPU
		{A7CB95B6-50B7-4F30-A944-19FA5F879E26}.Release|x86.Build.0 = Release|Any CPU
	EndGlobalSection
	GlobalSection(SolutionProperties) = preSolution
		HideSolutionNode = FALSE
	EndGlobalSection
	GlobalSection(NestedProjects) = preSolution
		{3757D286-5B87-4D79-96E5-D7C91994E615} = {21DAF369-137A-41F5-9BC6-C3EBE6F0D33F}
		{56F8D7C0-19A9-412E-86DA-AB07706E250C} = {1F94E2FD-802C-4C9F-8318-8FE86D4675C3}
		{02905D68-2C75-4C1A-8EA3-166855BA93BA} = {501CE180-0C94-4AD2-B885-0454FB2AF238}
		{121CCCBE-04EF-458C-93A6-F337098AA7B5} = {501CE180-0C94-4AD2-B885-0454FB2AF238}
		{DE674D8C-5979-43DF-800A-2342653F82AF} = {501CE180-0C94-4AD2-B885-0454FB2AF238}
		{A2B372A2-CF39-4681-9519-8AFE78553370} = {F098E152-C2E2-4325-AAB0-CF30EC79918C}
		{01D40C7A-1066-411F-B9BD-13AB63C5EEF7} = {F098E152-C2E2-4325-AAB0-CF30EC79918C}
		{19A64E91-C62D-453A-A11F-7D4F3C51AA61} = {F098E152-C2E2-4325-AAB0-CF30EC79918C}
		{D612DFA0-5B16-41A9-98B5-4CB162405189} = {19A64E91-C62D-453A-A11F-7D4F3C51AA61}
		{1877BB66-CCB0-4377-9319-FABF417B1A95} = {F098E152-C2E2-4325-AAB0-CF30EC79918C}
		{E5100FAF-75ED-4E2A-9E59-DD09D57F925F} = {F098E152-C2E2-4325-AAB0-CF30EC79918C}
		{18C2FD62-97C8-4EC0-93E2-5B86461A37FB} = {1877BB66-CCB0-4377-9319-FABF417B1A95}
		{FEA092CB-3D01-4A47-B38E-86C57B585EBF} = {E5100FAF-75ED-4E2A-9E59-DD09D57F925F}
		{595BF622-8864-4000-9C95-FCB2A3DC9E2E} = {1877BB66-CCB0-4377-9319-FABF417B1A95}
		{C70B2163-4D26-4483-B3C5-BFC5BF600586} = {A1FDA2A7-AE50-4068-BE7B-378E30922FB7}
		{F4B57F03-6966-43F1-92B3-FCF2E55244CE} = {1EEF15C5-45B8-47FF-89E3-7C91E55F97BC}
		{EA814F42-2DBB-4219-9385-5D2253AAA78D} = {1EEF15C5-45B8-47FF-89E3-7C91E55F97BC}
		{A7CB95B6-50B7-4F30-A944-19FA5F879E26} = {1EEF15C5-45B8-47FF-89E3-7C91E55F97BC}
	EndGlobalSection
	GlobalSection(ExtensibilityGlobals) = postSolution
		SolutionGuid = {63891543-2B36-4453-8B6D-4E5866A63253}
	EndGlobalSection
EndGlobal
